
Microsoft Visual Studio Solution File, Format Version 12.00
# Visual Studio Version 16
VisualStudioVersion = 16.0.32002.261
MinimumVisualStudioVersion = 10.0.40219.1
Project("{FAE04EC0-301F-11D3-BF4B-00C04F79EFBC}") = "c-sharp-odev-encapsulation", "c-sharp-odev-encapsulation.csproj", "{05920330-67ED-462F-AFAC-ACD4A3AC4A93}"
EndProject
Global
	GlobalSection(SolutionConfigurationPlatforms) = preSolution
		Debug|Any CPU = Debug|Any CPU
		Release|Any CPU = Release|Any CPU
	EndGlobalSection
	GlobalSection(ProjectConfigurationPlatforms) = postSolution
		{05920330-67ED-462F-AFAC-ACD4A3AC4A93}.Debug|Any CPU.ActiveCfg = Debug|Any CPU
		{05920330-67ED-462F-AFAC-ACD4A3AC4A93}.Debug|Any CPU.Build.0 = Debug|Any CPU
		{05920330-67ED-462F-AFAC-ACD4A3AC4A93}.Release|Any CPU.ActiveCfg = Release|Any CPU
		{05920330-67ED-462F-AFAC-ACD4A3AC4A93}.Release|Any CPU.Build.0 = Release|Any CPU
	EndGlobalSection
	GlobalSection(SolutionProperties) = preSolution
		HideSolutionNode = FALSE
	EndGlobalSection
	GlobalSection(ExtensibilityGlobals) = postSolution
		SolutionGuid = {B5C632DC-C2A9-4BBA-B4A5-9D110FBC62DC}
	EndGlobalSection
EndGlobal
